{
  "name": "markdoc",
  "version": "1.0.0",
  "lockfileVersion": 2,
  "requires": true,
  "packages": {
    "": {
      "name": "markdoc",
      "version": "1.0.0",
      "license": "ISC",
      "dependencies": {
        "@markdoc/markdoc": "^0.1.4"
      }
    },
    "node_modules/@markdoc/markdoc": {
      "version": "0.1.4",
      "resolved": "https://registry.npmjs.org/@markdoc/markdoc/-/markdoc-0.1.4.tgz",
      "integrity": "sha512-WOm+jwCeDyWtshIc5tjZ/AD+rFpqL9b1YAUiC975VlZISxRXt2G6Df5G3RwH420Jbavtik50r2tDInnEWIS8nQ==",
      "engines": {
        "node": ">=14.7.0"
      }
    }
  },
  "dependencies": {
    "@markdoc/markdoc": {
      "version": "0.1.4",
      "resolved": "https://registry.npmjs.org/@markdoc/markdoc/-/markdoc-0.1.4.tgz",
      "integrity": "sha512-WOm+jwCeDyWtshIc5tjZ/AD+rFpqL9b1YAUiC975VlZISxRXt2G6Df5G3RwH420Jbavtik50r2tDInnEWIS8nQ=="
    }
  }
}
